// !$*UTF8*$!
{
	archiveVersion = 1;
	classes = {
	};
	objectVersion = 55;
	objects = {

/* Begin PBXBuildFile section */
		75F41594275ACD800096D378 /* main.swift in Sources */ = {isa = PBXBuildFile; fileRef = 75F41593275ACD800096D378 /* main.swift */; };
		75F4159C275ACD9F0096D378 /* Algorithms in Frameworks */ = {isa = PBXBuildFile; productRef = 75F4159B275ACD9F0096D378 /* Algorithms */; };
		75F4159E275ACE370096D378 /* Day.swift in Sources */ = {isa = PBXBuildFile; fileRef = 75F4159D275ACE370096D378 /* Day.swift */; };
		75F415A2275ACFEE0096D378 /* Day1.swift in Sources */ = {isa = PBXBuildFile; fileRef = 75F415A1275ACFEE0096D378 /* Day1.swift */; };
		75F415A5275AD7C40096D378 /* Day2.swift in Sources */ = {isa = PBXBuildFile; fileRef = 75F415A4275AD7C40096D378 /* Day2.swift */; };
		75F415A8275ADA9D0096D378 /* Day3.swift in Sources */ = {isa = PBXBuildFile; fileRef = 75F415A7275ADA9D0096D378 /* Day3.swift */; };
		75F415AB275B2C440096D378 /* Day4.swift in Sources */ = {isa = PBXBuildFile; fileRef = 75F415AA275B2C440096D378 /* Day4.swift */; };
		75F415AE275D5BB70096D378 /* Day5.swift in Sources */ = {isa = PBXBuildFile; fileRef = 75F415AD275D5BB70096D378 /* Day5.swift */; };
		75F415B1275DCFAC0096D378 /* Day6.swift in Sources */ = {isa = PBXBuildFile; fileRef = 75F415B0275DCFAC0096D378 /* Day6.swift */; };
		75F415B4275F21500096D378 /* Day7.swift in Sources */ = {isa = PBXBuildFile; fileRef = 75F415B3275F21500096D378 /* Day7.swift */; };
		75F415B7276072B20096D378 /* Day8.swift in Sources */ = {isa = PBXBuildFile; fileRef = 75F415B6276072B20096D378 /* Day8.swift */; };
		75F415BA2761C88B0096D378 /* Day9.swift in Sources */ = {isa = PBXBuildFile; fileRef = 75F415B92761C88B0096D378 /* Day9.swift */; };
		75F415BD276314FA0096D378 /* Day10.swift in Sources */ = {isa = PBXBuildFile; fileRef = 75F415BC276314FA0096D378 /* Day10.swift */; };
		75F415C027631C820096D378 /* Day11.swift in Sources */ = {isa = PBXBuildFile; fileRef = 75F415BF27631C820096D378 /* Day11.swift */; };
		75F415C52765B8950096D378 /* Day12.swift in Sources */ = {isa = PBXBuildFile; fileRef = 75F415C42765B8950096D378 /* Day12.swift */; };
		75F415C82765D0830096D378 /* Day13.swift in Sources */ = {isa = PBXBuildFile; fileRef = 75F415C72765D0830096D378 /* Day13.swift */; };
		75F415D02767128E0096D378 /* Day14.swift in Sources */ = {isa = PBXBuildFile; fileRef = 75F415CF2767128E0096D378 /* Day14.swift */; };
		75F415D3276875B50096D378 /* Day15.swift in Sources */ = {isa = PBXBuildFile; fileRef = 75F415D2276875B50096D378 /* Day15.swift */; };
		75F415D52769E1EA0096D378 /* Heap.swift in Sources */ = {isa = PBXBuildFile; fileRef = 75F415D42769E1EA0096D378 /* Heap.swift */; };
		75F415D82769E3420096D378 /* Day16.swift in Sources */ = {isa = PBXBuildFile; fileRef = 75F415D72769E3420096D378 /* Day16.swift */; };
/* End PBXBuildFile section */

/* Begin PBXCopyFilesBuildPhase section */
		75F4158E275ACD800096D378 /* CopyFiles */ = {
			isa = PBXCopyFilesBuildPhase;
			buildActionMask = 2147483647;
			dstPath = /usr/share/man/man1/;
			dstSubfolderSpec = 0;
			files = (
			);
			runOnlyForDeploymentPostprocessing = 1;
		};
/* End PBXCopyFilesBuildPhase section */

/* Begin PBXFileReference section */
		75F41590275ACD800096D378 /* AOC21 */ = {isa = PBXFileReference; explicitFileType = "compiled.mach-o.executable"; includeInIndex = 0; path = AOC21; sourceTree = BUILT_PRODUCTS_DIR; };
		75F41593275ACD800096D378 /* main.swift */ = {isa = PBXFileReference; lastKnownFileType = sourcecode.swift; path = main.swift; sourceTree = "<group>"; };
		75F4159D275ACE370096D378 /* Day.swift */ = {isa = PBXFileReference; lastKnownFileType = sourcecode.swift; path = Day.swift; sourceTree = "<group>"; };
		75F415A1275ACFEE0096D378 /* Day1.swift */ = {isa = PBXFileReference; lastKnownFileType = sourcecode.swift; path = Day1.swift; sourceTree = "<group>"; };
		75F415A4275AD7C40096D378 /* Day2.swift */ = {isa = PBXFileReference; lastKnownFileType = sourcecode.swift; path = Day2.swift; sourceTree = "<group>"; };
		75F415A7275ADA9D0096D378 /* Day3.swift */ = {isa = PBXFileReference; lastKnownFileType = sourcecode.swift; path = Day3.swift; sourceTree = "<group>"; };
		75F415AA275B2C440096D378 /* Day4.swift */ = {isa = PBXFileReference; lastKnownFileType = sourcecode.swift; path = Day4.swift; sourceTree = "<group>"; };
		75F415AD275D5BB70096D378 /* Day5.swift */ = {isa = PBXFileReference; lastKnownFileType = sourcecode.swift; path = Day5.swift; sourceTree = "<group>"; };
		75F415B0275DCFAC0096D378 /* Day6.swift */ = {isa = PBXFileReference; lastKnownFileType = sourcecode.swift; path = Day6.swift; sourceTree = "<group>"; };
		75F415B3275F21500096D378 /* Day7.swift */ = {isa = PBXFileReference; lastKnownFileType = sourcecode.swift; path = Day7.swift; sourceTree = "<group>"; };
		75F415B6276072B20096D378 /* Day8.swift */ = {isa = PBXFileReference; lastKnownFileType = sourcecode.swift; path = Day8.swift; sourceTree = "<group>"; };
		75F415B92761C88B0096D378 /* Day9.swift */ = {isa = PBXFileReference; lastKnownFileType = sourcecode.swift; path = Day9.swift; sourceTree = "<group>"; };
		75F415BC276314FA0096D378 /* Day10.swift */ = {isa = PBXFileReference; lastKnownFileType = sourcecode.swift; path = Day10.swift; sourceTree = "<group>"; };
		75F415BF27631C820096D378 /* Day11.swift */ = {isa = PBXFileReference; lastKnownFileType = sourcecode.swift; path = Day11.swift; sourceTree = "<group>"; };
		75F415C42765B8950096D378 /* Day12.swift */ = {isa = PBXFileReference; lastKnownFileType = sourcecode.swift; path = Day12.swift; sourceTree = "<group>"; };
		75F415C72765D0830096D378 /* Day13.swift */ = {isa = PBXFileReference; lastKnownFileType = sourcecode.swift; path = Day13.swift; sourceTree = "<group>"; };
		75F415CF2767128E0096D378 /* Day14.swift */ = {isa = PBXFileReference; lastKnownFileType = sourcecode.swift; path = Day14.swift; sourceTree = "<group>"; };
		75F415D2276875B50096D378 /* Day15.swift */ = {isa = PBXFileReference; lastKnownFileType = sourcecode.swift; path = Day15.swift; sourceTree = "<group>"; };
		75F415D42769E1EA0096D378 /* Heap.swift */ = {isa = PBXFileReference; lastKnownFileType = sourcecode.swift; path = Heap.swift; sourceTree = "<group>"; };
		75F415D72769E3420096D378 /* Day16.swift */ = {isa = PBXFileReference; lastKnownFileType = sourcecode.swift; path = Day16.swift; sourceTree = "<group>"; };
/* End PBXFileReference section */

/* Begin PBXFrameworksBuildPhase section */
		75F4158D275ACD800096D378 /* Frameworks */ = {
			isa = PBXFrameworksBuildPhase;
			buildActionMask = 2147483647;
			files = (
				75F4159C275ACD9F0096D378 /* Algorithms in Frameworks */,
			);
			runOnlyForDeploymentPostprocessing = 0;
		};
/* End PBXFrameworksBuildPhase section */

/* Begin PBXGroup section */
		75F41587275ACD800096D378 = {
			isa = PBXGroup;
			children = (
				75F41592275ACD800096D378 /* AOC21 */,
				75F41591275ACD800096D378 /* Products */,
			);
			sourceTree = "<group>";
		};
		75F41591275ACD800096D378 /* Products */ = {
			isa = PBXGroup;
			children = (
				75F41590275ACD800096D378 /* AOC21 */,
			);
			name = Products;
			sourceTree = "<group>";
		};
		75F41592275ACD800096D378 /* AOC21 */ = {
			isa = PBXGroup;
			children = (
				75F41593275ACD800096D378 /* main.swift */,
				75F4159D275ACE370096D378 /* Day.swift */,
				75F415D9276A8F500096D378 /* DataStructures */,
				75F4159F275ACF700096D378 /* Day1 */,
				75F415A3275AD7B30096D378 /* Day2 */,
				75F415A6275ADA8A0096D378 /* Day3 */,
				75F415A9275B2C350096D378 /* Day4 */,
				75F415AC275D5BAA0096D378 /* Day5 */,
				75F415AF275DCF9F0096D378 /* Day6 */,
				75F415B2275F21440096D378 /* Day7 */,
				75F415B5276072A80096D378 /* Day8 */,
				75F415B82761C8810096D378 /* Day9 */,
				75F415BB276314EB0096D378 /* Day10 */,
				75F415BE27631C790096D378 /* Day11 */,
				75F415C32765B88A0096D378 /* Day12 */,
				75F415C62765D0760096D378 /* Day13 */,
				75F415CE276712840096D378 /* Day14 */,
				75F415D1276875A40096D378 /* Day15 */,
				75F415D62769E3320096D378 /* Day16 */,
			);
			path = AOC21;
			sourceTree = "<group>";
		};
		75F4159F275ACF700096D378 /* Day1 */ = {
			isa = PBXGroup;
			children = (
				75F415A1275ACFEE0096D378 /* Day1.swift */,
			);
			path = Day1;
			sourceTree = "<group>";
		};
		75F415A3275AD7B30096D378 /* Day2 */ = {
			isa = PBXGroup;
			children = (
				75F415A4275AD7C40096D378 /* Day2.swift */,
			);
			path = Day2;
			sourceTree = "<group>";
		};
		75F415A6275ADA8A0096D378 /* Day3 */ = {
			isa = PBXGroup;
			children = (
				75F415A7275ADA9D0096D378 /* Day3.swift */,
			);
			path = Day3;
			sourceTree = "<group>";
		};
		75F415A9275B2C350096D378 /* Day4 */ = {
			isa = PBXGroup;
			children = (
				75F415AA275B2C440096D378 /* Day4.swift */,
			);
			path = Day4;
			sourceTree = "<group>";
		};
		75F415AC275D5BAA0096D378 /* Day5 */ = {
			isa = PBXGroup;
			children = (
				75F415AD275D5BB70096D378 /* Day5.swift */,
			);
			path = Day5;
			sourceTree = "<group>";
		};
		75F415AF275DCF9F0096D378 /* Day6 */ = {
			isa = PBXGroup;
			children = (
				75F415B0275DCFAC0096D378 /* Day6.swift */,
			);
			path = Day6;
			sourceTree = "<group>";
		};
		75F415B2275F21440096D378 /* Day7 */ = {
			isa = PBXGroup;
			children = (
				75F415B3275F21500096D378 /* Day7.swift */,
			);
			path = Day7;
			sourceTree = "<group>";
		};
		75F415B5276072A80096D378 /* Day8 */ = {
			isa = PBXGroup;
			children = (
				75F415B6276072B20096D378 /* Day8.swift */,
			);
			path = Day8;
			sourceTree = "<group>";
		};
		75F415B82761C8810096D378 /* Day9 */ = {
			isa = PBXGroup;
			children = (
				75F415B92761C88B0096D378 /* Day9.swift */,
			);
			path = Day9;
			sourceTree = "<group>";
		};
		75F415BB276314EB0096D378 /* Day10 */ = {
			isa = PBXGroup;
			children = (
				75F415BC276314FA0096D378 /* Day10.swift */,
			);
			path = Day10;
			sourceTree = "<group>";
		};
		75F415BE27631C790096D378 /* Day11 */ = {
			isa = PBXGroup;
			children = (
				75F415BF27631C820096D378 /* Day11.swift */,
			);
			path = Day11;
			sourceTree = "<group>";
		};
		75F415C32765B88A0096D378 /* Day12 */ = {
			isa = PBXGroup;
			children = (
				75F415C42765B8950096D378 /* Day12.swift */,
			);
			path = Day12;
			sourceTree = "<group>";
		};
		75F415C62765D0760096D378 /* Day13 */ = {
			isa = PBXGroup;
			children = (
				75F415C72765D0830096D378 /* Day13.swift */,
			);
			path = Day13;
			sourceTree = "<group>";
		};
		75F415CE276712840096D378 /* Day14 */ = {
			isa = PBXGroup;
			children = (
				75F415CF2767128E0096D378 /* Day14.swift */,
			);
			path = Day14;
			sourceTree = "<group>";
		};
		75F415D1276875A40096D378 /* Day15 */ = {
			isa = PBXGroup;
			children = (
				75F415D2276875B50096D378 /* Day15.swift */,
			);
			path = Day15;
			sourceTree = "<group>";
		};
		75F415D62769E3320096D378 /* Day16 */ = {
			isa = PBXGroup;
			children = (
				75F415D72769E3420096D378 /* Day16.swift */,
			);
			path = Day16;
			sourceTree = "<group>";
		};
		75F415D9276A8F500096D378 /* DataStructures */ = {
			isa = PBXGroup;
			children = (
				75F415D42769E1EA0096D378 /* Heap.swift */,
			);
			path = DataStructures;
			sourceTree = "<group>";
		};
/* End PBXGroup section */

/* Begin PBXNativeTarget section */
		75F4158F275ACD800096D378 /* AOC21 */ = {
			isa = PBXNativeTarget;
			buildConfigurationList = 75F41597275ACD800096D378 /* Build configuration list for PBXNativeTarget "AOC21" */;
			buildPhases = (
				75F4158C275ACD800096D378 /* Sources */,
				75F4158D275ACD800096D378 /* Frameworks */,
				75F4158E275ACD800096D378 /* CopyFiles */,
			);
			buildRules = (
			);
			dependencies = (
			);
			name = AOC21;
			packageProductDependencies = (
				75F4159B275ACD9F0096D378 /* Algorithms */,
			);
			productName = AOC21;
			productReference = 75F41590275ACD800096D378 /* AOC21 */;
			productType = "com.apple.product-type.tool";
		};
/* End PBXNativeTarget section */

/* Begin PBXProject section */
		75F41588275ACD800096D378 /* Project object */ = {
			isa = PBXProject;
			attributes = {
				BuildIndependentTargetsInParallel = 1;
				LastSwiftUpdateCheck = 1310;
				LastUpgradeCheck = 1310;
				TargetAttributes = {
					75F4158F275ACD800096D378 = {
						CreatedOnToolsVersion = 13.1;
					};
				};
			};
			buildConfigurationList = 75F4158B275ACD800096D378 /* Build configuration list for PBXProject "AOC21" */;
			compatibilityVersion = "Xcode 13.0";
			developmentRegion = en;
			hasScannedForEncodings = 0;
			knownRegions = (
				en,
				Base,
			);
			mainGroup = 75F41587275ACD800096D378;
			packageReferences = (
				75F4159A275ACD9F0096D378 /* XCRemoteSwiftPackageReference "swift-algorithms" */,
			);
			productRefGroup = 75F41591275ACD800096D378 /* Products */;
			projectDirPath = "";
			projectRoot = "";
			targets = (
				75F4158F275ACD800096D378 /* AOC21 */,
			);
		};
/* End PBXProject section */

/* Begin PBXSourcesBuildPhase section */
		75F4158C275ACD800096D378 /* Sources */ = {
			isa = PBXSourcesBuildPhase;
			buildActionMask = 2147483647;
			files = (
				75F4159E275ACE370096D378 /* Day.swift in Sources */,
				75F415D82769E3420096D378 /* Day16.swift in Sources */,
				75F415D3276875B50096D378 /* Day15.swift in Sources */,
				75F415C027631C820096D378 /* Day11.swift in Sources */,
				75F415B7276072B20096D378 /* Day8.swift in Sources */,
				75F415B1275DCFAC0096D378 /* Day6.swift in Sources */,
				75F415AE275D5BB70096D378 /* Day5.swift in Sources */,
				75F415AB275B2C440096D378 /* Day4.swift in Sources */,
				75F415BD276314FA0096D378 /* Day10.swift in Sources */,
				75F415A8275ADA9D0096D378 /* Day3.swift in Sources */,
				75F415D52769E1EA0096D378 /* Heap.swift in Sources */,
				75F415C82765D0830096D378 /* Day13.swift in Sources */,
				75F415D02767128E0096D378 /* Day14.swift in Sources */,
				75F415BA2761C88B0096D378 /* Day9.swift in Sources */,
				75F415A5275AD7C40096D378 /* Day2.swift in Sources */,
				75F415A2275ACFEE0096D378 /* Day1.swift in Sources */,
				75F415C52765B8950096D378 /* Day12.swift in Sources */,
				75F415B4275F21500096D378 /* Day7.swift in Sources */,
				75F41594275ACD800096D378 /* main.swift in Sources */,
			);
			runOnlyForDeploymentPostprocessing = 0;
		};
/* End PBXSourcesBuildPhase section */

/* Begin XCBuildConfiguration section */
		75F41595275ACD800096D378 /* Debug */ = {
			isa = XCBuildConfiguration;
			buildSettings = {
				ALWAYS_SEARCH_USER_PATHS = NO;
				CLANG_ANALYZER_NONNULL = YES;
				CLANG_ANALYZER_NUMBER_OBJECT_CONVERSION = YES_AGGRESSIVE;
				CLANG_CXX_LANGUAGE_STANDARD = "gnu++17";
				CLANG_CXX_LIBRARY = "libc++";
				CLANG_ENABLE_MODULES = YES;
				CLANG_ENABLE_OBJC_ARC = YES;
				CLANG_ENABLE_OBJC_WEAK = YES;
				CLANG_WARN_BLOCK_CAPTURE_AUTORELEASING = YES;
				CLANG_WARN_BOOL_CONVERSION = YES;
				CLANG_WARN_COMMA = YES;
				CLANG_WARN_CONSTANT_CONVERSION = YES;
				CLANG_WARN_DEPRECATED_OBJC_IMPLEMENTATIONS = YES;
				CLANG_WARN_DIRECT_OBJC_ISA_USAGE = YES_ERROR;
				CLANG_WARN_DOCUMENTATION_COMMENTS = YES;
				CLANG_WARN_EMPTY_BODY = YES;
				CLANG_WARN_ENUM_CONVERSION = YES;
				CLANG_WARN_INFINITE_RECURSION = YES;
				CLANG_WARN_INT_CONVERSION = YES;
				CLANG_WARN_NON_LITERAL_NULL_CONVERSION = YES;
				CLANG_WARN_OBJC_IMPLICIT_RETAIN_SELF = YES;
				CLANG_WARN_OBJC_LITERAL_CONVERSION = YES;
				CLANG_WARN_OBJC_ROOT_CLASS = YES_ERROR;
				CLANG_WARN_QUOTED_INCLUDE_IN_FRAMEWORK_HEADER = YES;
				CLANG_WARN_RANGE_LOOP_ANALYSIS = YES;
				CLANG_WARN_STRICT_PROTOTYPES = YES;
				CLANG_WARN_SUSPICIOUS_MOVE = YES;
				CLANG_WARN_UNGUARDED_AVAILABILITY = YES_AGGRESSIVE;
				CLANG_WARN_UNREACHABLE_CODE = YES;
				CLANG_WARN__DUPLICATE_METHOD_MATCH = YES;
				COPY_PHASE_STRIP = NO;
				DEBUG_INFORMATION_FORMAT = dwarf;
				ENABLE_STRICT_OBJC_MSGSEND = YES;
				ENABLE_TESTABILITY = YES;
				GCC_C_LANGUAGE_STANDARD = gnu11;
				GCC_DYNAMIC_NO_PIC = NO;
				GCC_NO_COMMON_BLOCKS = YES;
				GCC_OPTIMIZATION_LEVEL = 0;
				GCC_PREPROCESSOR_DEFINITIONS = (
					"DEBUG=1",
					"$(inherited)",
				);
				GCC_WARN_64_TO_32_BIT_CONVERSION = YES;
				GCC_WARN_ABOUT_RETURN_TYPE = YES_ERROR;
				GCC_WARN_UNDECLARED_SELECTOR = YES;
				GCC_WARN_UNINITIALIZED_AUTOS = YES_AGGRESSIVE;
				GCC_WARN_UNUSED_FUNCTION = YES;
				GCC_WARN_UNUSED_VARIABLE = YES;
				MACOSX_DEPLOYMENT_TARGET = 12.0;
				MTL_ENABLE_DEBUG_INFO = INCLUDE_SOURCE;
				MTL_FAST_MATH = YES;
				ONLY_ACTIVE_ARCH = YES;
				SDKROOT = macosx;
				SWIFT_ACTIVE_COMPILATION_CONDITIONS = DEBUG;
				SWIFT_OPTIMIZATION_LEVEL = "-Onone";
			};
			name = Debug;
		};
		75F41596275ACD800096D378 /* Release */ = {
			isa = XCBuildConfiguration;
			buildSettings = {
				ALWAYS_SEARCH_USER_PATHS = NO;
				CLANG_ANALYZER_NONNULL = YES;
				CLANG_ANALYZER_NUMBER_OBJECT_CONVERSION = YES_AGGRESSIVE;
				CLANG_CXX_LANGUAGE_STANDARD = "gnu++17";
				CLANG_CXX_LIBRARY = "libc++";
				CLANG_ENABLE_MODULES = YES;
				CLANG_ENABLE_OBJC_ARC = YES;
				CLANG_ENABLE_OBJC_WEAK = YES;
				CLANG_WARN_BLOCK_CAPTURE_AUTORELEASING = YES;
				CLANG_WARN_BOOL_CONVERSION = YES;
				CLANG_WARN_COMMA = YES;
				CLANG_WARN_CONSTANT_CONVERSION = YES;
				CLANG_WARN_DEPRECATED_OBJC_IMPLEMENTATIONS = YES;
				CLANG_WARN_DIRECT_OBJC_ISA_USAGE = YES_ERROR;
				CLANG_WARN_DOCUMENTATION_COMMENTS = YES;
				CLANG_WARN_EMPTY_BODY = YES;
				CLANG_WARN_ENUM_CONVERSION = YES;
				CLANG_WARN_INFINITE_RECURSION = YES;
				CLANG_WARN_INT_CONVERSION = YES;
				CLANG_WARN_NON_LITERAL_NULL_CONVERSION = YES;
				CLANG_WARN_OBJC_IMPLICIT_RETAIN_SELF = YES;
				CLANG_WARN_OBJC_LITERAL_CONVERSION = YES;
				CLANG_WARN_OBJC_ROOT_CLASS = YES_ERROR;
				CLANG_WARN_QUOTED_INCLUDE_IN_FRAMEWORK_HEADER = YES;
				CLANG_WARN_RANGE_LOOP_ANALYSIS = YES;
				CLANG_WARN_STRICT_PROTOTYPES = YES;
				CLANG_WARN_SUSPICIOUS_MOVE = YES;
				CLANG_WARN_UNGUARDED_AVAILABILITY = YES_AGGRESSIVE;
				CLANG_WARN_UNREACHABLE_CODE = YES;
				CLANG_WARN__DUPLICATE_METHOD_MATCH = YES;
				COPY_PHASE_STRIP = NO;
				DEBUG_INFORMATION_FORMAT = "dwarf-with-dsym";
				ENABLE_NS_ASSERTIONS = NO;
				ENABLE_STRICT_OBJC_MSGSEND = YES;
				GCC_C_LANGUAGE_STANDARD = gnu11;
				GCC_NO_COMMON_BLOCKS = YES;
				GCC_WARN_64_TO_32_BIT_CONVERSION = YES;
				GCC_WARN_ABOUT_RETURN_TYPE = YES_ERROR;
				GCC_WARN_UNDECLARED_SELECTOR = YES;
				GCC_WARN_UNINITIALIZED_AUTOS = YES_AGGRESSIVE;
				GCC_WARN_UNUSED_FUNCTION = YES;
				GCC_WARN_UNUSED_VARIABLE = YES;
				MACOSX_DEPLOYMENT_TARGET = 12.0;
				MTL_ENABLE_DEBUG_INFO = NO;
				MTL_FAST_MATH = YES;
				SDKROOT = macosx;
				SWIFT_COMPILATION_MODE = wholemodule;
				SWIFT_OPTIMIZATION_LEVEL = "-O";
			};
			name = Release;
		};
		75F41598275ACD800096D378 /* Debug */ = {
			isa = XCBuildConfiguration;
			buildSettings = {
				CODE_SIGN_STYLE = Automatic;
				PRODUCT_NAME = "$(TARGET_NAME)";
				SWIFT_VERSION = 5.0;
			};
			name = Debug;
		};
		75F41599275ACD800096D378 /* Release */ = {
			isa = XCBuildConfiguration;
			buildSettings = {
				CODE_SIGN_STYLE = Automatic;
				PRODUCT_NAME = "$(TARGET_NAME)";
				SWIFT_VERSION = 5.0;
			};
			name = Release;
		};
/* End XCBuildConfiguration section */

/* Begin XCConfigurationList section */
		75F4158B275ACD800096D378 /* Build configuration list for PBXProject "AOC21" */ = {
			isa = XCConfigurationList;
			buildConfigurations = (
				75F41595275ACD800096D378 /* Debug */,
				75F41596275ACD800096D378 /* Release */,
			);
			defaultConfigurationIsVisible = 0;
			defaultConfigurationName = Release;
		};
		75F41597275ACD800096D378 /* Build configuration list for PBXNativeTarget "AOC21" */ = {
			isa = XCConfigurationList;
			buildConfigurations = (
				75F41598275ACD800096D378 /* Debug */,
				75F41599275ACD800096D378 /* Release */,
			);
			defaultConfigurationIsVisible = 0;
			defaultConfigurationName = Release;
		};
/* End XCConfigurationList section */

/* Begin XCRemoteSwiftPackageReference section */
		75F4159A275ACD9F0096D378 /* XCRemoteSwiftPackageReference "swift-algorithms" */ = {
			isa = XCRemoteSwiftPackageReference;
			repositoryURL = "https://github.com/apple/swift-algorithms.git";
			requirement = {
				kind = upToNextMajorVersion;
				minimumVersion = 1.0.0;
			};
		};
/* End XCRemoteSwiftPackageReference section */

/* Begin XCSwiftPackageProductDependency section */
		75F4159B275ACD9F0096D378 /* Algorithms */ = {
			isa = XCSwiftPackageProductDependency;
			package = 75F4159A275ACD9F0096D378 /* XCRemoteSwiftPackageReference "swift-algorithms" */;
			productName = Algorithms;
		};
/* End XCSwiftPackageProductDependency section */
	};
	rootObject = 75F41588275ACD800096D378 /* Project object */;
}
